// !$*UTF8*$!
{
	archiveVersion = 1;
	classes = {
	};
	objectVersion = 56;
	objects = {

/* Begin PBXBuildFile section */
		3094989C2B73B505008FC29E /* RxCocoa-Dynamic in Frameworks */ = {isa = PBXBuildFile; productRef = 3094989B2B73B505008FC29E /* RxCocoa-Dynamic */; };
		3094989E2B73B506008FC29E /* RxSwift in Frameworks */ = {isa = PBXBuildFile; productRef = 3094989D2B73B505008FC29E /* RxSwift */; };
		309498A12B73B56C008FC29E /* KisilerDaoRepository.swift in Sources */ = {isa = PBXBuildFile; fileRef = 309498A02B73B56C008FC29E /* KisilerDaoRepository.swift */; };
		309498A42B73B5AB008FC29E /* AnasayfaViewModel.swift in Sources */ = {isa = PBXBuildFile; fileRef = 309498A32B73B5AB008FC29E /* AnasayfaViewModel.swift */; };
		309498A62B73B5D1008FC29E /* KisilerKayitViewModel.swift in Sources */ = {isa = PBXBuildFile; fileRef = 309498A52B73B5D1008FC29E /* KisilerKayitViewModel.swift */; };
		309498A82B73B5F1008FC29E /* KisilerDetayViewModel.swift in Sources */ = {isa = PBXBuildFile; fileRef = 309498A72B73B5F1008FC29E /* KisilerDetayViewModel.swift */; };
		309E0A282B765A0C002F89D8 /* FMDatabasePool.m in Sources */ = {isa = PBXBuildFile; fileRef = 309E0A1D2B765A0C002F89D8 /* FMDatabasePool.m */; };
		309E0A292B765A0C002F89D8 /* FMResultSet.m in Sources */ = {isa = PBXBuildFile; fileRef = 309E0A1F2B765A0C002F89D8 /* FMResultSet.m */; };
		309E0A2A2B765A0C002F89D8 /* FMDatabase.m in Sources */ = {isa = PBXBuildFile; fileRef = 309E0A202B765A0C002F89D8 /* FMDatabase.m */; };
		309E0A2B2B765A0C002F89D8 /* FMDatabaseQueue.m in Sources */ = {isa = PBXBuildFile; fileRef = 309E0A222B765A0C002F89D8 /* FMDatabaseQueue.m */; };
		309E0A2C2B765A0C002F89D8 /* FMDatabaseAdditions.m in Sources */ = {isa = PBXBuildFile; fileRef = 309E0A252B765A0C002F89D8 /* FMDatabaseAdditions.m */; };
		309E0A2E2B765AB6002F89D8 /* rehber.sqlite in Resources */ = {isa = PBXBuildFile; fileRef = 309E0A2D2B765AB6002F89D8 /* rehber.sqlite */; };
		30A22B532B6AA7380008E5F7 /* AppDelegate.swift in Sources */ = {isa = PBXBuildFile; fileRef = 30A22B522B6AA7380008E5F7 /* AppDelegate.swift */; };
		30A22B552B6AA7380008E5F7 /* SceneDelegate.swift in Sources */ = {isa = PBXBuildFile; fileRef = 30A22B542B6AA7380008E5F7 /* SceneDelegate.swift */; };
		30A22B572B6AA7380008E5F7 /* Anasayfa.swift in Sources */ = {isa = PBXBuildFile; fileRef = 30A22B562B6AA7380008E5F7 /* Anasayfa.swift */; };
		30A22B5A2B6AA7380008E5F7 /* Main.storyboard in Resources */ = {isa = PBXBuildFile; fileRef = 30A22B582B6AA7380008E5F7 /* Main.storyboard */; };
		30A22B5C2B6AA7390008E5F7 /* Assets.xcassets in Resources */ = {isa = PBXBuildFile; fileRef = 30A22B5B2B6AA7390008E5F7 /* Assets.xcassets */; };
		30A22B5F2B6AA7390008E5F7 /* LaunchScreen.storyboard in Resources */ = {isa = PBXBuildFile; fileRef = 30A22B5D2B6AA7390008E5F7 /* LaunchScreen.storyboard */; };
		30A22B6E2B6AA9B40008E5F7 /* KisiKayit.swift in Sources */ = {isa = PBXBuildFile; fileRef = 30A22B6D2B6AA9B40008E5F7 /* KisiKayit.swift */; };
		30A22B702B6AA9C60008E5F7 /* KisiDetay.swift in Sources */ = {isa = PBXBuildFile; fileRef = 30A22B6F2B6AA9C60008E5F7 /* KisiDetay.swift */; };
		30A22B722B6AAA590008E5F7 /* Kisiler.swift in Sources */ = {isa = PBXBuildFile; fileRef = 30A22B712B6AAA590008E5F7 /* Kisiler.swift */; };
		30A22B752B6AD5470008E5F7 /* KisilerHucre.swift in Sources */ = {isa = PBXBuildFile; fileRef = 30A22B742B6AD5470008E5F7 /* KisilerHucre.swift */; };
/* End PBXBuildFile section */

/* Begin PBXFileReference section */
		309498A02B73B56C008FC29E /* KisilerDaoRepository.swift */ = {isa = PBXFileReference; lastKnownFileType = sourcecode.swift; path = KisilerDaoRepository.swift; sourceTree = "<group>"; };
		309498A32B73B5AB008FC29E /* AnasayfaViewModel.swift */ = {isa = PBXFileReference; lastKnownFileType = sourcecode.swift; path = AnasayfaViewModel.swift; sourceTree = "<group>"; };
		309498A52B73B5D1008FC29E /* KisilerKayitViewModel.swift */ = {isa = PBXFileReference; lastKnownFileType = sourcecode.swift; path = KisilerKayitViewModel.swift; sourceTree = "<group>"; };
		309498A72B73B5F1008FC29E /* KisilerDetayViewModel.swift */ = {isa = PBXFileReference; lastKnownFileType = sourcecode.swift; path = KisilerDetayViewModel.swift; sourceTree = "<group>"; };
		309E0A1B2B765990002F89D8 /* libsqlite3.tbd */ = {isa = PBXFileReference; lastKnownFileType = "sourcecode.text-based-dylib-definition"; name = libsqlite3.tbd; path = usr/lib/libsqlite3.tbd; sourceTree = SDKROOT; };
		309E0A1C2B765A0C002F89D8 /* KisilerUygulamasi-Bridging-Header.h */ = {isa = PBXFileReference; lastKnownFileType = sourcecode.c.h; path = "KisilerUygulamasi-Bridging-Header.h"; sourceTree = "<group>"; };
		309E0A1D2B765A0C002F89D8 /* FMDatabasePool.m */ = {isa = PBXFileReference; fileEncoding = 4; lastKnownFileType = sourcecode.c.objc; path = FMDatabasePool.m; sourceTree = "<group>"; };
		309E0A1E2B765A0C002F89D8 /* FMDatabaseQueue.h */ = {isa = PBXFileReference; fileEncoding = 4; lastKnownFileType = sourcecode.c.h; path = FMDatabaseQueue.h; sourceTree = "<group>"; };
		309E0A1F2B765A0C002F89D8 /* FMResultSet.m */ = {isa = PBXFileReference; fileEncoding = 4; lastKnownFileType = sourcecode.c.objc; path = FMResultSet.m; sourceTree = "<group>"; };
		309E0A202B765A0C002F89D8 /* FMDatabase.m */ = {isa = PBXFileReference; fileEncoding = 4; lastKnownFileType = sourcecode.c.objc; path = FMDatabase.m; sourceTree = "<group>"; };
		309E0A212B765A0C002F89D8 /* FMResultSet.h */ = {isa = PBXFileReference; fileEncoding = 4; lastKnownFileType = sourcecode.c.h; path = FMResultSet.h; sourceTree = "<group>"; };
		309E0A222B765A0C002F89D8 /* FMDatabaseQueue.m */ = {isa = PBXFileReference; fileEncoding = 4; lastKnownFileType = sourcecode.c.objc; path = FMDatabaseQueue.m; sourceTree = "<group>"; };
		309E0A232B765A0C002F89D8 /* FMDB.h */ = {isa = PBXFileReference; fileEncoding = 4; lastKnownFileType = sourcecode.c.h; path = FMDB.h; sourceTree = "<group>"; };
		309E0A242B765A0C002F89D8 /* FMDatabaseAdditions.h */ = {isa = PBXFileReference; fileEncoding = 4; lastKnownFileType = sourcecode.c.h; path = FMDatabaseAdditions.h; sourceTree = "<group>"; };
		309E0A252B765A0C002F89D8 /* FMDatabaseAdditions.m */ = {isa = PBXFileReference; fileEncoding = 4; lastKnownFileType = sourcecode.c.objc; path = FMDatabaseAdditions.m; sourceTree = "<group>"; };
		309E0A262B765A0C002F89D8 /* FMDatabase.h */ = {isa = PBXFileReference; fileEncoding = 4; lastKnownFileType = sourcecode.c.h; path = FMDatabase.h; sourceTree = "<group>"; };
		309E0A272B765A0C002F89D8 /* FMDatabasePool.h */ = {isa = PBXFileReference; fileEncoding = 4; lastKnownFileType = sourcecode.c.h; path = FMDatabasePool.h; sourceTree = "<group>"; };
		309E0A2D2B765AB6002F89D8 /* rehber.sqlite */ = {isa = PBXFileReference; lastKnownFileType = file; path = rehber.sqlite; sourceTree = "<group>"; };
		30A22B4F2B6AA7380008E5F7 /* KisilerUygulamasi.app */ = {isa = PBXFileReference; explicitFileType = wrapper.application; includeInIndex = 0; path = KisilerUygulamasi.app; sourceTree = BUILT_PRODUCTS_DIR; };
		30A22B522B6AA7380008E5F7 /* AppDelegate.swift */ = {isa = PBXFileReference; lastKnownFileType = sourcecode.swift; path = AppDelegate.swift; sourceTree = "<group>"; };
		30A22B542B6AA7380008E5F7 /* SceneDelegate.swift */ = {isa = PBXFileReference; lastKnownFileType = sourcecode.swift; path = SceneDelegate.swift; sourceTree = "<group>"; };
		30A22B562B6AA7380008E5F7 /* Anasayfa.swift */ = {isa = PBXFileReference; lastKnownFileType = sourcecode.swift; path = Anasayfa.swift; sourceTree = "<group>"; };
		30A22B592B6AA7380008E5F7 /* Base */ = {isa = PBXFileReference; lastKnownFileType = file.storyboard; name = Base; path = Base.lproj/Main.storyboard; sourceTree = "<group>"; };
		30A22B5B2B6AA7390008E5F7 /* Assets.xcassets */ = {isa = PBXFileReference; lastKnownFileType = folder.assetcatalog; path = Assets.xcassets; sourceTree = "<group>"; };
		30A22B5E2B6AA7390008E5F7 /* Base */ = {isa = PBXFileReference; lastKnownFileType = file.storyboard; name = Base; path = Base.lproj/LaunchScreen.storyboard; sourceTree = "<group>"; };
		30A22B602B6AA7390008E5F7 /* Info.plist */ = {isa = PBXFileReference; lastKnownFileType = text.plist.xml; path = Info.plist; sourceTree = "<group>"; };
		30A22B6D2B6AA9B40008E5F7 /* KisiKayit.swift */ = {isa = PBXFileReference; lastKnownFileType = sourcecode.swift; path = KisiKayit.swift; sourceTree = "<group>"; };
		30A22B6F2B6AA9C60008E5F7 /* KisiDetay.swift */ = {isa = PBXFileReference; lastKnownFileType = sourcecode.swift; path = KisiDetay.swift; sourceTree = "<group>"; };
		30A22B712B6AAA590008E5F7 /* Kisiler.swift */ = {isa = PBXFileReference; lastKnownFileType = sourcecode.swift; path = Kisiler.swift; sourceTree = "<group>"; };
		30A22B742B6AD5470008E5F7 /* KisilerHucre.swift */ = {isa = PBXFileReference; lastKnownFileType = sourcecode.swift; path = KisilerHucre.swift; sourceTree = "<group>"; };
/* End PBXFileReference section */

/* Begin PBXFrameworksBuildPhase section */
		30A22B4C2B6AA7380008E5F7 /* Frameworks */ = {
			isa = PBXFrameworksBuildPhase;
			buildActionMask = 2147483647;
			files = (
				3094989E2B73B506008FC29E /* RxSwift in Frameworks */,
				3094989C2B73B505008FC29E /* RxCocoa-Dynamic in Frameworks */,
			);
			runOnlyForDeploymentPostprocessing = 0;
		};
/* End PBXFrameworksBuildPhase section */

/* Begin PBXGroup section */
		3094989F2B73B541008FC29E /* repo */ = {
			isa = PBXGroup;
			children = (
				309498A02B73B56C008FC29E /* KisilerDaoRepository.swift */,
			);
			path = repo;
			sourceTree = "<group>";
		};
		309498A22B73B588008FC29E /* viewmodel */ = {
			isa = PBXGroup;
			children = (
				309498A32B73B5AB008FC29E /* AnasayfaViewModel.swift */,
				309498A52B73B5D1008FC29E /* KisilerKayitViewModel.swift */,
				309498A72B73B5F1008FC29E /* KisilerDetayViewModel.swift */,
			);
			path = viewmodel;
			sourceTree = "<group>";
		};
		309E0A1A2B765990002F89D8 /* Frameworks */ = {
			isa = PBXGroup;
			children = (
				309E0A1B2B765990002F89D8 /* libsqlite3.tbd */,
			);
			name = Frameworks;
			sourceTree = "<group>";
		};
		30A22B462B6AA7380008E5F7 = {
			isa = PBXGroup;
			children = (
				30A22B512B6AA7380008E5F7 /* KisilerUygulamasi */,
				30A22B502B6AA7380008E5F7 /* Products */,
				309E0A1A2B765990002F89D8 /* Frameworks */,
			);
			sourceTree = "<group>";
		};
		30A22B502B6AA7380008E5F7 /* Products */ = {
			isa = PBXGroup;
			children = (
				30A22B4F2B6AA7380008E5F7 /* KisilerUygulamasi.app */,
			);
			name = Products;
			sourceTree = "<group>";
		};
		30A22B512B6AA7380008E5F7 /* KisilerUygulamasi */ = {
			isa = PBXGroup;
			children = (
				30A22B522B6AA7380008E5F7 /* AppDelegate.swift */,
				30A22B542B6AA7380008E5F7 /* SceneDelegate.swift */,
				30A22B6A2B6AA93A0008E5F7 /* ui */,
				30A22B692B6AA9320008E5F7 /* data */,
				30A22B582B6AA7380008E5F7 /* Main.storyboard */,
				30A22B5B2B6AA7390008E5F7 /* Assets.xcassets */,
				30A22B5D2B6AA7390008E5F7 /* LaunchScreen.storyboard */,
				30A22B602B6AA7390008E5F7 /* Info.plist */,
				309E0A262B765A0C002F89D8 /* FMDatabase.h */,
				309E0A202B765A0C002F89D8 /* FMDatabase.m */,
				309E0A242B765A0C002F89D8 /* FMDatabaseAdditions.h */,
				309E0A252B765A0C002F89D8 /* FMDatabaseAdditions.m */,
				309E0A272B765A0C002F89D8 /* FMDatabasePool.h */,
				309E0A1D2B765A0C002F89D8 /* FMDatabasePool.m */,
				309E0A1E2B765A0C002F89D8 /* FMDatabaseQueue.h */,
				309E0A222B765A0C002F89D8 /* FMDatabaseQueue.m */,
				309E0A232B765A0C002F89D8 /* FMDB.h */,
				309E0A212B765A0C002F89D8 /* FMResultSet.h */,
				309E0A1F2B765A0C002F89D8 /* FMResultSet.m */,
				309E0A1C2B765A0C002F89D8 /* KisilerUygulamasi-Bridging-Header.h */,
				309E0A2D2B765AB6002F89D8 /* rehber.sqlite */,
			);
			path = KisilerUygulamasi;
			sourceTree = "<group>";
		};
		30A22B692B6AA9320008E5F7 /* data */ = {
			isa = PBXGroup;
			children = (
				3094989F2B73B541008FC29E /* repo */,
				30A22B6B2B6AA9680008E5F7 /* entity */,
			);
			path = data;
			sourceTree = "<group>";
		};
		30A22B6A2B6AA93A0008E5F7 /* ui */ = {
			isa = PBXGroup;
			children = (
				309498A22B73B588008FC29E /* viewmodel */,
				30A22B732B6AD5190008E5F7 /* tableView */,
				30A22B6C2B6AA97F0008E5F7 /* views */,
			);
			path = ui;
			sourceTree = "<group>";
		};
		30A22B6B2B6AA9680008E5F7 /* entity */ = {
			isa = PBXGroup;
			children = (
				30A22B712B6AAA590008E5F7 /* Kisiler.swift */,
			);
			path = entity;
			sourceTree = "<group>";
		};
		30A22B6C2B6AA97F0008E5F7 /* views */ = {
			isa = PBXGroup;
			children = (
				30A22B562B6AA7380008E5F7 /* Anasayfa.swift */,
				30A22B6D2B6AA9B40008E5F7 /* KisiKayit.swift */,
				30A22B6F2B6AA9C60008E5F7 /* KisiDetay.swift */,
			);
			path = views;
			sourceTree = "<group>";
		};
		30A22B732B6AD5190008E5F7 /* tableView */ = {
			isa = PBXGroup;
			children = (
				30A22B742B6AD5470008E5F7 /* KisilerHucre.swift */,
			);
			path = tableView;
			sourceTree = "<group>";
		};
/* End PBXGroup section */

/* Begin PBXNativeTarget section */
		30A22B4E2B6AA7380008E5F7 /* KisilerUygulamasi */ = {
			isa = PBXNativeTarget;
			buildConfigurationList = 30A22B632B6AA7390008E5F7 /* Build configuration list for PBXNativeTarget "KisilerUygulamasi" */;
			buildPhases = (
				30A22B4B2B6AA7380008E5F7 /* Sources */,
				30A22B4C2B6AA7380008E5F7 /* Frameworks */,
				30A22B4D2B6AA7380008E5F7 /* Resources */,
			);
			buildRules = (
			);
			dependencies = (
			);
			name = KisilerUygulamasi;
			packageProductDependencies = (
				3094989B2B73B505008FC29E /* RxCocoa-Dynamic */,
				3094989D2B73B505008FC29E /* RxSwift */,
			);
			productName = KisilerUygulamasi;
			productReference = 30A22B4F2B6AA7380008E5F7 /* KisilerUygulamasi.app */;
			productType = "com.apple.product-type.application";
		};
/* End PBXNativeTarget section */

/* Begin PBXProject section */
		30A22B472B6AA7380008E5F7 /* Project object */ = {
			isa = PBXProject;
			attributes = {
				BuildIndependentTargetsInParallel = 1;
				LastSwiftUpdateCheck = 1500;
				LastUpgradeCheck = 1500;
				TargetAttributes = {
					30A22B4E2B6AA7380008E5F7 = {
						CreatedOnToolsVersion = 15.0.1;
						LastSwiftMigration = 1500;
					};
				};
			};
			buildConfigurationList = 30A22B4A2B6AA7380008E5F7 /* Build configuration list for PBXProject "KisilerUygulamasi" */;
			compatibilityVersion = "Xcode 14.0";
			developmentRegion = en;
			hasScannedForEncodings = 0;
			knownRegions = (
				en,
				Base,
			);
			mainGroup = 30A22B462B6AA7380008E5F7;
			packageReferences = (
				3094989A2B73B505008FC29E /* XCRemoteSwiftPackageReference "RxSwift" */,
			);
			productRefGroup = 30A22B502B6AA7380008E5F7 /* Products */;
			projectDirPath = "";
			projectRoot = "";
			targets = (
				30A22B4E2B6AA7380008E5F7 /* KisilerUygulamasi */,
			);
		};
/* End PBXProject section */

/* Begin PBXResourcesBuildPhase section */
		30A22B4D2B6AA7380008E5F7 /* Resources */ = {
			isa = PBXResourcesBuildPhase;
			buildActionMask = 2147483647;
			files = (
				30A22B5F2B6AA7390008E5F7 /* LaunchScreen.storyboard in Resources */,
				309E0A2E2B765AB6002F89D8 /* rehber.sqlite in Resources */,
				30A22B5C2B6AA7390008E5F7 /* Assets.xcassets in Resources */,
				30A22B5A2B6AA7380008E5F7 /* Main.storyboard in Resources */,
			);
			runOnlyForDeploymentPostprocessing = 0;
		};
/* End PBXResourcesBuildPhase section */

/* Begin PBXSourcesBuildPhase section */
		30A22B4B2B6AA7380008E5F7 /* Sources */ = {
			isa = PBXSourcesBuildPhase;
			buildActionMask = 2147483647;
			files = (
				30A22B6E2B6AA9B40008E5F7 /* KisiKayit.swift in Sources */,
				309E0A282B765A0C002F89D8 /* FMDatabasePool.m in Sources */,
				309498A62B73B5D1008FC29E /* KisilerKayitViewModel.swift in Sources */,
				309E0A2A2B765A0C002F89D8 /* FMDatabase.m in Sources */,
				30A22B702B6AA9C60008E5F7 /* KisiDetay.swift in Sources */,
				309E0A2B2B765A0C002F89D8 /* FMDatabaseQueue.m in Sources */,
				309498A82B73B5F1008FC29E /* KisilerDetayViewModel.swift in Sources */,
				309E0A2C2B765A0C002F89D8 /* FMDatabaseAdditions.m in Sources */,
				30A22B572B6AA7380008E5F7 /* Anasayfa.swift in Sources */,
				309E0A292B765A0C002F89D8 /* FMResultSet.m in Sources */,
				30A22B532B6AA7380008E5F7 /* AppDelegate.swift in Sources */,
				309498A12B73B56C008FC29E /* KisilerDaoRepository.swift in Sources */,
				309498A42B73B5AB008FC29E /* AnasayfaViewModel.swift in Sources */,
				30A22B552B6AA7380008E5F7 /* SceneDelegate.swift in Sources */,
				30A22B752B6AD5470008E5F7 /* KisilerHucre.swift in Sources */,
				30A22B722B6AAA590008E5F7 /* Kisiler.swift in Sources */,
			);
			runOnlyForDeploymentPostprocessing = 0;
		};
/* End PBXSourcesBuildPhase section */

/* Begin PBXVariantGroup section */
		30A22B582B6AA7380008E5F7 /* Main.storyboard */ = {
			isa = PBXVariantGroup;
			children = (
				30A22B592B6AA7380008E5F7 /* Base */,
			);
			name = Main.storyboard;
			sourceTree = "<group>";
		};
		30A22B5D2B6AA7390008E5F7 /* LaunchScreen.storyboard */ = {
			isa = PBXVariantGroup;
			children = (
				30A22B5E2B6AA7390008E5F7 /* Base */,
			);
			name = LaunchScreen.storyboard;
			sourceTree = "<group>";
		};
/* End PBXVariantGroup section */

/* Begin XCBuildConfiguration section */
		30A22B612B6AA7390008E5F7 /* Debug */ = {
			isa = XCBuildConfiguration;
			buildSettings = {
				ALWAYS_SEARCH_USER_PATHS = NO;
				ASSETCATALOG_COMPILER_GENERATE_SWIFT_ASSET_SYMBOL_EXTENSIONS = YES;
				CLANG_ANALYZER_NONNULL = YES;
				CLANG_ANALYZER_NUMBER_OBJECT_CONVERSION = YES_AGGRESSIVE;
				CLANG_CXX_LANGUAGE_STANDARD = "gnu++20";
				CLANG_ENABLE_MODULES = YES;
				CLANG_ENABLE_OBJC_ARC = YES;
				CLANG_ENABLE_OBJC_WEAK = YES;
				CLANG_WARN_BLOCK_CAPTURE_AUTORELEASING = YES;
				CLANG_WARN_BOOL_CONVERSION = YES;
				CLANG_WARN_COMMA = YES;
				CLANG_WARN_CONSTANT_CONVERSION = YES;
				CLANG_WARN_DEPRECATED_OBJC_IMPLEMENTATIONS = YES;
				CLANG_WARN_DIRECT_OBJC_ISA_USAGE = YES_ERROR;
				CLANG_WARN_DOCUMENTATION_COMMENTS = YES;
				CLANG_WARN_EMPTY_BODY = YES;
				CLANG_WARN_ENUM_CONVERSION = YES;
				CLANG_WARN_INFINITE_RECURSION = YES;
				CLANG_WARN_INT_CONVERSION = YES;
				CLANG_WARN_NON_LITERAL_NULL_CONVERSION = YES;
				CLANG_WARN_OBJC_IMPLICIT_RETAIN_SELF = YES;
				CLANG_WARN_OBJC_LITERAL_CONVERSION = YES;
				CLANG_WARN_OBJC_ROOT_CLASS = YES_ERROR;
				CLANG_WARN_QUOTED_INCLUDE_IN_FRAMEWORK_HEADER = YES;
				CLANG_WARN_RANGE_LOOP_ANALYSIS = YES;
				CLANG_WARN_STRICT_PROTOTYPES = YES;
				CLANG_WARN_SUSPICIOUS_MOVE = YES;
				CLANG_WARN_UNGUARDED_AVAILABILITY = YES_AGGRESSIVE;
				CLANG_WARN_UNREACHABLE_CODE = YES;
				CLANG_WARN__DUPLICATE_METHOD_MATCH = YES;
				COPY_PHASE_STRIP = NO;
				DEBUG_INFORMATION_FORMAT = dwarf;
				ENABLE_STRICT_OBJC_MSGSEND = YES;
				ENABLE_TESTABILITY = YES;
				ENABLE_USER_SCRIPT_SANDBOXING = YES;
				GCC_C_LANGUAGE_STANDARD = gnu17;
				GCC_DYNAMIC_NO_PIC = NO;
				GCC_NO_COMMON_BLOCKS = YES;
				GCC_OPTIMIZATION_LEVEL = 0;
				GCC_PREPROCESSOR_DEFINITIONS = (
					"DEBUG=1",
					"$(inherited)",
				);
				GCC_WARN_64_TO_32_BIT_CONVERSION = YES;
				GCC_WARN_ABOUT_RETURN_TYPE = YES_ERROR;
				GCC_WARN_UNDECLARED_SELECTOR = YES;
				GCC_WARN_UNINITIALIZED_AUTOS = YES_AGGRESSIVE;
				GCC_WARN_UNUSED_FUNCTION = YES;
				GCC_WARN_UNUSED_VARIABLE = YES;
				IPHONEOS_DEPLOYMENT_TARGET = 17.0;
				LOCALIZATION_PREFERS_STRING_CATALOGS = YES;
				MTL_ENABLE_DEBUG_INFO = INCLUDE_SOURCE;
				MTL_FAST_MATH = YES;
				ONLY_ACTIVE_ARCH = YES;
				SDKROOT = iphoneos;
				SWIFT_ACTIVE_COMPILATION_CONDITIONS = "DEBUG $(inherited)";
				SWIFT_OPTIMIZATION_LEVEL = "-Onone";
			};
			name = Debug;
		};
		30A22B622B6AA7390008E5F7 /* Release */ = {
			isa = XCBuildConfiguration;
			buildSettings = {
				ALWAYS_SEARCH_USER_PATHS = NO;
				ASSETCATALOG_COMPILER_GENERATE_SWIFT_ASSET_SYMBOL_EXTENSIONS = YES;
				CLANG_ANALYZER_NONNULL = YES;
				CLANG_ANALYZER_NUMBER_OBJECT_CONVERSION = YES_AGGRESSIVE;
				CLANG_CXX_LANGUAGE_STANDARD = "gnu++20";
				CLANG_ENABLE_MODULES = YES;
				CLANG_ENABLE_OBJC_ARC = YES;
				CLANG_ENABLE_OBJC_WEAK = YES;
				CLANG_WARN_BLOCK_CAPTURE_AUTORELEASING = YES;
				CLANG_WARN_BOOL_CONVERSION = YES;
				CLANG_WARN_COMMA = YES;
				CLANG_WARN_CONSTANT_CONVERSION = YES;
				CLANG_WARN_DEPRECATED_OBJC_IMPLEMENTATIONS = YES;
				CLANG_WARN_DIRECT_OBJC_ISA_USAGE = YES_ERROR;
				CLANG_WARN_DOCUMENTATION_COMMENTS = YES;
				CLANG_WARN_EMPTY_BODY = YES;
				CLANG_WARN_ENUM_CONVERSION = YES;
				CLANG_WARN_INFINITE_RECURSION = YES;
				CLANG_WARN_INT_CONVERSION = YES;
				CLANG_WARN_NON_LITERAL_NULL_CONVERSION = YES;
				CLANG_WARN_OBJC_IMPLICIT_RETAIN_SELF = YES;
				CLANG_WARN_OBJC_LITERAL_CONVERSION = YES;
				CLANG_WARN_OBJC_ROOT_CLASS = YES_ERROR;
				CLANG_WARN_QUOTED_INCLUDE_IN_FRAMEWORK_HEADER = YES;
				CLANG_WARN_RANGE_LOOP_ANALYSIS = YES;
				CLANG_WARN_STRICT_PROTOTYPES = YES;
				CLANG_WARN_SUSPICIOUS_MOVE = YES;
				CLANG_WARN_UNGUARDED_AVAILABILITY = YES_AGGRESSIVE;
				CLANG_WARN_UNREACHABLE_CODE = YES;
				CLANG_WARN__DUPLICATE_METHOD_MATCH = YES;
				COPY_PHASE_STRIP = NO;
				DEBUG_INFORMATION_FORMAT = "dwarf-with-dsym";
				ENABLE_NS_ASSERTIONS = NO;
				ENABLE_STRICT_OBJC_MSGSEND = YES;
				ENABLE_USER_SCRIPT_SANDBOXING = YES;
				GCC_C_LANGUAGE_STANDARD = gnu17;
				GCC_NO_COMMON_BLOCKS = YES;
				GCC_WARN_64_TO_32_BIT_CONVERSION = YES;
				GCC_WARN_ABOUT_RETURN_TYPE = YES_ERROR;
				GCC_WARN_UNDECLARED_SELECTOR = YES;
				GCC_WARN_UNINITIALIZED_AUTOS = YES_AGGRESSIVE;
				GCC_WARN_UNUSED_FUNCTION = YES;
				GCC_WARN_UNUSED_VARIABLE = YES;
				IPHONEOS_DEPLOYMENT_TARGET = 17.0;
				LOCALIZATION_PREFERS_STRING_CATALOGS = YES;
				MTL_ENABLE_DEBUG_INFO = NO;
				MTL_FAST_MATH = YES;
				SDKROOT = iphoneos;
				SWIFT_COMPILATION_MODE = wholemodule;
				VALIDATE_PRODUCT = YES;
			};
			name = Release;
		};
		30A22B642B6AA7390008E5F7 /* Debug */ = {
			isa = XCBuildConfiguration;
			buildSettings = {
				ASSETCATALOG_COMPILER_APPICON_NAME = AppIcon;
				ASSETCATALOG_COMPILER_GLOBAL_ACCENT_COLOR_NAME = AccentColor;
				CLANG_ENABLE_MODULES = YES;
				CODE_SIGN_STYLE = Automatic;
				CURRENT_PROJECT_VERSION = 1;
				DEVELOPMENT_TEAM = 75TSHHWFW3;
				GENERATE_INFOPLIST_FILE = YES;
				INFOPLIST_FILE = KisilerUygulamasi/Info.plist;
				INFOPLIST_KEY_UIApplicationSupportsIndirectInputEvents = YES;
				INFOPLIST_KEY_UILaunchStoryboardName = LaunchScreen;
				INFOPLIST_KEY_UIMainStoryboardFile = Main;
				INFOPLIST_KEY_UISupportedInterfaceOrientations_iPad = "UIInterfaceOrientationPortrait UIInterfaceOrientationPortraitUpsideDown UIInterfaceOrientationLandscapeLeft UIInterfaceOrientationLandscapeRight";
				INFOPLIST_KEY_UISupportedInterfaceOrientations_iPhone = "UIInterfaceOrientationPortrait UIInterfaceOrientationLandscapeLeft UIInterfaceOrientationLandscapeRight";
				LD_RUNPATH_SEARCH_PATHS = (
					"$(inherited)",
					"@executable_path/Frameworks",
				);
				MARKETING_VERSION = 1.0;
				PRODUCT_BUNDLE_IDENTIFIER = com.selahattinedin.KisilerUygulamasi;
				PRODUCT_NAME = "$(TARGET_NAME)";
				SWIFT_EMIT_LOC_STRINGS = YES;
				SWIFT_OBJC_BRIDGING_HEADER = "KisilerUygulamasi/KisilerUygulamasi-Bridging-Header.h";
				SWIFT_OPTIMIZATION_LEVEL = "-Onone";
				SWIFT_VERSION = 5.0;
				TARGETED_DEVICE_FAMILY = "1,2";
			};
			name = Debug;
		};
		30A22B652B6AA7390008E5F7 /* Release */ = {
			isa = XCBuildConfiguration;
			buildSettings = {
				ASSETCATALOG_COMPILER_APPICON_NAME = AppIcon;
				ASSETCATALOG_COMPILER_GLOBAL_ACCENT_COLOR_NAME = AccentColor;
				CLANG_ENABLE_MODULES = YES;
				CODE_SIGN_STYLE = Automatic;
				CURRENT_PROJECT_VERSION = 1;
				DEVELOPMENT_TEAM = 75TSHHWFW3;
				GENERATE_INFOPLIST_FILE = YES;
				INFOPLIST_FILE = KisilerUygulamasi/Info.plist;
				INFOPLIST_KEY_UIApplicationSupportsIndirectInputEvents = YES;
				INFOPLIST_KEY_UILaunchStoryboardName = LaunchScreen;
				INFOPLIST_KEY_UIMainStoryboardFile = Main;
				INFOPLIST_KEY_UISupportedInterfaceOrientations_iPad = "UIInterfaceOrientationPortrait UIInterfaceOrientationPortraitUpsideDown UIInterfaceOrientationLandscapeLeft UIInterfaceOrientationLandscapeRight";
				INFOPLIST_KEY_UISupportedInterfaceOrientations_iPhone = "UIInterfaceOrientationPortrait UIInterfaceOrientationLandscapeLeft UIInterfaceOrientationLandscapeRight";
				LD_RUNPATH_SEARCH_PATHS = (
					"$(inherited)",
					"@executable_path/Frameworks",
				);
				MARKETING_VERSION = 1.0;
				PRODUCT_BUNDLE_IDENTIFIER = com.selahattinedin.KisilerUygulamasi;
				PRODUCT_NAME = "$(TARGET_NAME)";
				SWIFT_EMIT_LOC_STRINGS = YES;
				SWIFT_OBJC_BRIDGING_HEADER = "KisilerUygulamasi/KisilerUygulamasi-Bridging-Header.h";
				SWIFT_VERSION = 5.0;
				TARGETED_DEVICE_FAMILY = "1,2";
			};
			name = Release;
		};
/* End XCBuildConfiguration section */

/* Begin XCConfigurationList section */
		30A22B4A2B6AA7380008E5F7 /* Build configuration list for PBXProject "KisilerUygulamasi" */ = {
			isa = XCConfigurationList;
			buildConfigurations = (
				30A22B612B6AA7390008E5F7 /* Debug */,
				30A22B622B6AA7390008E5F7 /* Release */,
			);
			defaultConfigurationIsVisible = 0;
			defaultConfigurationName = Release;
		};
		30A22B632B6AA7390008E5F7 /* Build configuration list for PBXNativeTarget "KisilerUygulamasi" */ = {
			isa = XCConfigurationList;
			buildConfigurations = (
				30A22B642B6AA7390008E5F7 /* Debug */,
				30A22B652B6AA7390008E5F7 /* Release */,
			);
			defaultConfigurationIsVisible = 0;
			defaultConfigurationName = Release;
		};
/* End XCConfigurationList section */

/* Begin XCRemoteSwiftPackageReference section */
		3094989A2B73B505008FC29E /* XCRemoteSwiftPackageReference "RxSwift" */ = {
			isa = XCRemoteSwiftPackageReference;
			repositoryURL = "https://github.com/ReactiveX/RxSwift.git";
			requirement = {
				kind = upToNextMajorVersion;
				minimumVersion = 6.6.0;
			};
		};
/* End XCRemoteSwiftPackageReference section */

/* Begin XCSwiftPackageProductDependency section */
		3094989B2B73B505008FC29E /* RxCocoa-Dynamic */ = {
			isa = XCSwiftPackageProductDependency;
			package = 3094989A2B73B505008FC29E /* XCRemoteSwiftPackageReference "RxSwift" */;
			productName = "RxCocoa-Dynamic";
		};
		3094989D2B73B505008FC29E /* RxSwift */ = {
			isa = XCSwiftPackageProductDependency;
			package = 3094989A2B73B505008FC29E /* XCRemoteSwiftPackageReference "RxSwift" */;
			productName = RxSwift;
		};
/* End XCSwiftPackageProductDependency section */
	};
	rootObject = 30A22B472B6AA7380008E5F7 /* Project object */;
}
